
Microsoft Visual Studio Solution File, Format Version 12.00
# Visual Studio Version 17
VisualStudioVersion = 17.14.36705.20
MinimumVisualStudioVersion = 10.0.40219.1
Project("{FAE04EC0-301F-11D3-BF4B-00C04F79EFBC}") = "SlimeSim", "SlimeSim\SlimeSim.csproj", "{30EFE08C-95E0-4F4A-B064-042F38EA1D83}"
EndProject
Global
	GlobalSection(SolutionConfigurationPlatforms) = preSolution
		Debug|Any CPU = Debug|Any CPU
		Release|Any CPU = Release|Any CPU
	EndGlobalSection
	GlobalSection(ProjectConfigurationPlatforms) = postSolution
		{30EFE08C-95E0-4F4A-B064-042F38EA1D83}.Debug|Any CPU.ActiveCfg = Debug|Any CPU
		{30EFE08C-95E0-4F4A-B064-042F38EA1D83}.Debug|Any CPU.Build.0 = Debug|Any CPU
		{30EFE08C-95E0-4F4A-B064-042F38EA1D83}.Release|Any CPU.ActiveCfg = Release|Any CPU
		{30EFE08C-95E0-4F4A-B064-042F38EA1D83}.Release|Any CPU.Build.0 = Release|Any CPU
	EndGlobalSection
	GlobalSection(SolutionProperties) = preSolution
		HideSolutionNode = FALSE
	EndGlobalSection
	GlobalSection(ExtensibilityGlobals) = postSolution
		SolutionGuid = {80EB5EE5-A2C7-48DB-AC5E-8AB4449149EB}
	EndGlobalSection
EndGlobal
